
Microsoft Visual Studio Solution File, Format Version 12.00
# Visual Studio 15
VisualStudioVersion = 15.0.27428.2037
MinimumVisualStudioVersion = 10.0.40219.1
Project("{FAE04EC0-301F-11D3-BF4B-00C04F79EFBC}") = "GovernmentParse", "WinFormsParser\GovernmentParse.csproj", "{DE9D2C79-EF20-4B4D-AE2C-F888D97A5DF8}"
EndProject
Global
	GlobalSection(SolutionConfigurationPlatforms) = preSolution
		Debug_sync|Any CPU = Debug_sync|Any CPU
		Debug|Any CPU = Debug|Any CPU
		Release|Any CPU = Release|Any CPU
		SKMU server|Any CPU = SKMU server|Any CPU
	EndGlobalSection
	GlobalSection(ProjectConfigurationPlatforms) = postSolution
		{DE9D2C79-EF20-4B4D-AE2C-F888D97A5DF8}.Debug_sync|Any CPU.ActiveCfg = Debug_sync|Any CPU
		{DE9D2C79-EF20-4B4D-AE2C-F888D97A5DF8}.Debug_sync|Any CPU.Build.0 = Debug_sync|Any CPU
		{DE9D2C79-EF20-4B4D-AE2C-F888D97A5DF8}.Debug|Any CPU.ActiveCfg = Debug|Any CPU
		{DE9D2C79-EF20-4B4D-AE2C-F888D97A5DF8}.Debug|Any CPU.Build.0 = Debug|Any CPU
		{DE9D2C79-EF20-4B4D-AE2C-F888D97A5DF8}.Release|Any CPU.ActiveCfg = Release|Any CPU
		{DE9D2C79-EF20-4B4D-AE2C-F888D97A5DF8}.Release|Any CPU.Build.0 = Release|Any CPU
		{DE9D2C79-EF20-4B4D-AE2C-F888D97A5DF8}.SKMU server|Any CPU.ActiveCfg = SKMU server|Any CPU
		{DE9D2C79-EF20-4B4D-AE2C-F888D97A5DF8}.SKMU server|Any CPU.Build.0 = SKMU server|Any CPU
	EndGlobalSection
	GlobalSection(SolutionProperties) = preSolution
		HideSolutionNode = FALSE
	EndGlobalSection
	GlobalSection(ExtensibilityGlobals) = postSolution
		SolutionGuid = {ED29A0E0-49A6-4576-A3E7-3EB80B0F5C55}
	EndGlobalSection
EndGlobal
